# Axern production gVisor source and release artifact lock.
# Keep this file parseable as POSIX shell assignments: build images source it,
# while repository checks compare the source identity with gvisor-hangar.
AXERN_GVISOR_RELEASE=20260914.0
AXERN_GVISOR_TAG=release-20260914.0
AXERN_GVISOR_TAG_OBJECT=96928b6cccd8472a28b20bbffe6f3166c81cf9c5
AXERN_GVISOR_COMMIT=95eb5d5930b0e7736826cc2cb949ba9d2c4d5d29
AXERN_GVISOR_SHA512_AMD64=ff1c0577c8daa0e3511aedad554c3d5e20fa184b4ddd422454f573d60a8b9774f972755ca5c7f56588c5b4f42345b60b2ead077f35d7d3235e23f57c0fa194ca
AXERN_GVISOR_SHA512_ARM64=1e1d0fd37cc79e7fc61f09a3166c0b1dcee03d811bfdca89586bf53abd2fd8ab08533a9f3b27dbc12bd178a456e3fe52733b9d2b5bbb1e6822bb91ace6b385f3
